
Microsoft Visual Studio Solution File, Format Version 12.00
# Visual Studio 15
VisualStudioVersion = 15.0.28010.2046
MinimumVisualStudioVersion = 10.0.40219.1
Project("{FAE04EC0-301F-11D3-BF4B-00C04F79EFBC}") = "InsytTrainer", "InsytTrainer\InsytTrainer.csproj", "{0F9A2DD8-3F00-4358-B8F7-49A3B9C6C982}"
EndProject
Global
	GlobalSection(SolutionConfigurationPlatforms) = preSolution
		Debug|Any CPU = Debug|Any CPU
		Release|Any CPU = Release|Any CPU
	EndGlobalSection
	GlobalSection(ProjectConfigurationPlatforms) = postSolution
		{0F9A2DD8-3F00-4358-B8F7-49A3B9C6C982}.Debug|Any CPU.ActiveCfg = Debug|Any CPU
		{0F9A2DD8-3F00-4358-B8F7-49A3B9C6C982}.Debug|Any CPU.Build.0 = Debug|Any CPU
		{0F9A2DD8-3F00-4358-B8F7-49A3B9C6C982}.Release|Any CPU.ActiveCfg = Release|Any CPU
		{0F9A2DD8-3F00-4358-B8F7-49A3B9C6C982}.Release|Any CPU.Build.0 = Release|Any CPU
	EndGlobalSection
	GlobalSection(SolutionProperties) = preSolution
		HideSolutionNode = FALSE
	EndGlobalSection
	GlobalSection(ExtensibilityGlobals) = postSolution
		SolutionGuid = {9C858CE8-A8D7-40B4-A454-D021041E0315}
	EndGlobalSection
EndGlobal
